// !$*UTF8*$!
{
	archiveVersion = 1;
	classes = {
	};
	objectVersion = 46;
	objects = {

/* Begin PBXBuildFile section */
		87A5FF43F13C8B93C14D96DB /* Pods_mcommerce_ios.framework in Frameworks */ = {isa = PBXBuildFile; fileRef = 4C7F33F0A4DFB6AD395A8ABE /* Pods_mcommerce_ios.framework */; };
		B204AC651F32602700DC9767 /* AppDelegate.swift in Sources */ = {isa = PBXBuildFile; fileRef = B204AC641F32602700DC9767 /* AppDelegate.swift */; };
		B204AC6A1F32602700DC9767 /* Home.storyboard in Resources */ = {isa = PBXBuildFile; fileRef = B204AC681F32602700DC9767 /* Home.storyboard */; };
		B204AC6C1F32602700DC9767 /* Assets.xcassets in Resources */ = {isa = PBXBuildFile; fileRef = B204AC6B1F32602700DC9767 /* Assets.xcassets */; };
		B204AC6F1F32602700DC9767 /* LaunchScreen.storyboard in Resources */ = {isa = PBXBuildFile; fileRef = B204AC6D1F32602700DC9767 /* LaunchScreen.storyboard */; };
		B204AC7D1F326A4C00DC9767 /* HomeViewController.swift in Sources */ = {isa = PBXBuildFile; fileRef = B204AC7C1F326A4C00DC9767 /* HomeViewController.swift */; };
		B204AC811F3270A400DC9767 /* CategoriesViewController.swift in Sources */ = {isa = PBXBuildFile; fileRef = B204AC801F3270A400DC9767 /* CategoriesViewController.swift */; };
		B204AC851F38F9B400DC9767 /* CategoryTableViewCell.swift in Sources */ = {isa = PBXBuildFile; fileRef = B204AC831F38F9B400DC9767 /* CategoryTableViewCell.swift */; };
		B204AC861F38F9B400DC9767 /* CategoryTableViewCell.xib in Resources */ = {isa = PBXBuildFile; fileRef = B204AC841F38F9B400DC9767 /* CategoryTableViewCell.xib */; };
		B204AC881F38FB1300DC9767 /* CustomizationManager.swift in Sources */ = {isa = PBXBuildFile; fileRef = B204AC871F38FB1300DC9767 /* CustomizationManager.swift */; };
		B204AC951F406D3B00DC9767 /* ApiService.swift in Sources */ = {isa = PBXBuildFile; fileRef = B204AC941F406D3B00DC9767 /* ApiService.swift */; };
		B211E7EF1F40A327006B4A88 /* Category.swift in Sources */ = {isa = PBXBuildFile; fileRef = B211E7EE1F40A327006B4A88 /* Category.swift */; };
		B211E7F31F40C174006B4A88 /* ApiManager.swift in Sources */ = {isa = PBXBuildFile; fileRef = B211E7F21F40C174006B4A88 /* ApiManager.swift */; };
		B211E7F61F417E8B006B4A88 /* ProductsViewController.swift in Sources */ = {isa = PBXBuildFile; fileRef = B211E7F51F417E8B006B4A88 /* ProductsViewController.swift */; };
		B211E7F91F418019006B4A88 /* ProductCollectionViewCell.swift in Sources */ = {isa = PBXBuildFile; fileRef = B211E7F71F418019006B4A88 /* ProductCollectionViewCell.swift */; };
		B211E7FA1F418019006B4A88 /* ProductCollectionViewCell.xib in Resources */ = {isa = PBXBuildFile; fileRef = B211E7F81F418019006B4A88 /* ProductCollectionViewCell.xib */; };
		B211E8041F41FD08006B4A88 /* Product.swift in Sources */ = {isa = PBXBuildFile; fileRef = B211E8031F41FD08006B4A88 /* Product.swift */; };
		B211E8061F42143C006B4A88 /* Products.storyboard in Resources */ = {isa = PBXBuildFile; fileRef = B211E8051F42143C006B4A88 /* Products.storyboard */; };
		B211E80D1F423A24006B4A88 /* ProductDetailsViewController.swift in Sources */ = {isa = PBXBuildFile; fileRef = B211E80C1F423A24006B4A88 /* ProductDetailsViewController.swift */; };
		B211E8131F423B18006B4A88 /* ProductDetailsImagesTableViewCell.swift in Sources */ = {isa = PBXBuildFile; fileRef = B211E8111F423B18006B4A88 /* ProductDetailsImagesTableViewCell.swift */; };
		B211E8141F423B18006B4A88 /* ProductDetailsImagesTableViewCell.xib in Resources */ = {isa = PBXBuildFile; fileRef = B211E8121F423B18006B4A88 /* ProductDetailsImagesTableViewCell.xib */; };
		B211E8171F423B5E006B4A88 /* ProductDetailsTitleTableViewCell.swift in Sources */ = {isa = PBXBuildFile; fileRef = B211E8151F423B5E006B4A88 /* ProductDetailsTitleTableViewCell.swift */; };
		B211E8181F423B5E006B4A88 /* ProductDetailsTitleTableViewCell.xib in Resources */ = {isa = PBXBuildFile; fileRef = B211E8161F423B5E006B4A88 /* ProductDetailsTitleTableViewCell.xib */; };
		B211E81B1F423B6F006B4A88 /* ProductDetailsDescriptionTableViewCell.swift in Sources */ = {isa = PBXBuildFile; fileRef = B211E8191F423B6F006B4A88 /* ProductDetailsDescriptionTableViewCell.swift */; };
		B211E81C1F423B70006B4A88 /* ProductDetailsDescriptionTableViewCell.xib in Resources */ = {isa = PBXBuildFile; fileRef = B211E81A1F423B6F006B4A88 /* ProductDetailsDescriptionTableViewCell.xib */; };
		B211E81F1F423B86006B4A88 /* ProductDetailsFiltersTableViewCell.swift in Sources */ = {isa = PBXBuildFile; fileRef = B211E81D1F423B86006B4A88 /* ProductDetailsFiltersTableViewCell.swift */; };
		B211E8201F423B86006B4A88 /* ProductDetailsFiltersTableViewCell.xib in Resources */ = {isa = PBXBuildFile; fileRef = B211E81E1F423B86006B4A88 /* ProductDetailsFiltersTableViewCell.xib */; };
		B211E8231F423B96006B4A88 /* ProductDetailsRatesTableViewCell.swift in Sources */ = {isa = PBXBuildFile; fileRef = B211E8211F423B96006B4A88 /* ProductDetailsRatesTableViewCell.swift */; };
		B211E8241F423B96006B4A88 /* ProductDetailsRatesTableViewCell.xib in Resources */ = {isa = PBXBuildFile; fileRef = B211E8221F423B96006B4A88 /* ProductDetailsRatesTableViewCell.xib */; };
		B211E8261F423F59006B4A88 /* ProductImage.swift in Sources */ = {isa = PBXBuildFile; fileRef = B211E8251F423F59006B4A88 /* ProductImage.swift */; };
		B211E8281F42409D006B4A88 /* ProductRate.swift in Sources */ = {isa = PBXBuildFile; fileRef = B211E8271F42409D006B4A88 /* ProductRate.swift */; };
		B211E82A1F4240FA006B4A88 /* ProductFilterValue.swift in Sources */ = {isa = PBXBuildFile; fileRef = B211E8291F4240FA006B4A88 /* ProductFilterValue.swift */; };
		B211E82D1F4309D3006B4A88 /* ImagesViewController.swift in Sources */ = {isa = PBXBuildFile; fileRef = B211E82C1F4309D3006B4A88 /* ImagesViewController.swift */; };
		B211E82F1F4309FA006B4A88 /* ImagesItemViewController.swift in Sources */ = {isa = PBXBuildFile; fileRef = B211E82E1F4309FA006B4A88 /* ImagesItemViewController.swift */; };
		B211E8341F470792006B4A88 /* ProductDetailsHeaderTableViewCell.swift in Sources */ = {isa = PBXBuildFile; fileRef = B211E8321F470792006B4A88 /* ProductDetailsHeaderTableViewCell.swift */; };
		B211E8351F470792006B4A88 /* ProductDetailsHeaderTableViewCell.xib in Resources */ = {isa = PBXBuildFile; fileRef = B211E8331F470792006B4A88 /* ProductDetailsHeaderTableViewCell.xib */; };
		B211E8381F4742B9006B4A88 /* StringSizeExtension.swift in Sources */ = {isa = PBXBuildFile; fileRef = B211E8371F4742B9006B4A88 /* StringSizeExtension.swift */; };
		B211E83D1F474E29006B4A88 /* ProductsFiltersViewController.swift in Sources */ = {isa = PBXBuildFile; fileRef = B211E83C1F474E29006B4A88 /* ProductsFiltersViewController.swift */; };
		B211E8421F4787FC006B4A88 /* RecommendedViewController.swift in Sources */ = {isa = PBXBuildFile; fileRef = B211E8411F4787FC006B4A88 /* RecommendedViewController.swift */; };
		B211E8461F478ABE006B4A88 /* SearchBarViewController.swift in Sources */ = {isa = PBXBuildFile; fileRef = B211E8441F478ABE006B4A88 /* SearchBarViewController.swift */; };
		B211E8471F478ABE006B4A88 /* SearchBarViewController.xib in Resources */ = {isa = PBXBuildFile; fileRef = B211E8451F478ABE006B4A88 /* SearchBarViewController.xib */; };
		B211E84D1F479024006B4A88 /* CartViewController.swift in Sources */ = {isa = PBXBuildFile; fileRef = B211E84C1F479024006B4A88 /* CartViewController.swift */; };
		B211E84F1F47902C006B4A88 /* MoreViewController.swift in Sources */ = {isa = PBXBuildFile; fileRef = B211E84E1F47902C006B4A88 /* MoreViewController.swift */; };
		B211E8511F47A186006B4A88 /* ApplicationExtensions.swift in Sources */ = {isa = PBXBuildFile; fileRef = B211E8501F47A186006B4A88 /* ApplicationExtensions.swift */; };
		B211E8571F48731B006B4A88 /* Recommended.swift in Sources */ = {isa = PBXBuildFile; fileRef = B211E8561F48731B006B4A88 /* Recommended.swift */; };
		B211E8591F4878A9006B4A88 /* RecommendedHeaderCollectionReusableView.swift in Sources */ = {isa = PBXBuildFile; fileRef = B211E8581F4878A9006B4A88 /* RecommendedHeaderCollectionReusableView.swift */; };
		B211E85C1F48AFB2006B4A88 /* Cart.storyboard in Resources */ = {isa = PBXBuildFile; fileRef = B211E85B1F48AFB2006B4A88 /* Cart.storyboard */; };
		B211E85F1F48B01E006B4A88 /* CartLoginViewController.swift in Sources */ = {isa = PBXBuildFile; fileRef = B211E85E1F48B01E006B4A88 /* CartLoginViewController.swift */; };
		B211E8611F48B2A9006B4A88 /* CartEmptyViewController.swift in Sources */ = {isa = PBXBuildFile; fileRef = B211E8601F48B2A9006B4A88 /* CartEmptyViewController.swift */; };
		B211E8631F48B2C1006B4A88 /* CartProductsViewController.swift in Sources */ = {isa = PBXBuildFile; fileRef = B211E8621F48B2C1006B4A88 /* CartProductsViewController.swift */; };
/* End PBXBuildFile section */

/* Begin PBXFileReference section */
		0F90DAE8901DD9C84AC9F3F6 /* Pods-mcommerce-ios.release.xcconfig */ = {isa = PBXFileReference; includeInIndex = 1; lastKnownFileType = text.xcconfig; name = "Pods-mcommerce-ios.release.xcconfig"; path = "Pods/Target Support Files/Pods-mcommerce-ios/Pods-mcommerce-ios.release.xcconfig"; sourceTree = "<group>"; };
		149B07E89DC13F74AECC2184 /* Pods-mcommerce-ios.debug.xcconfig */ = {isa = PBXFileReference; includeInIndex = 1; lastKnownFileType = text.xcconfig; name = "Pods-mcommerce-ios.debug.xcconfig"; path = "Pods/Target Support Files/Pods-mcommerce-ios/Pods-mcommerce-ios.debug.xcconfig"; sourceTree = "<group>"; };
		4C7F33F0A4DFB6AD395A8ABE /* Pods_mcommerce_ios.framework */ = {isa = PBXFileReference; explicitFileType = wrapper.framework; includeInIndex = 0; path = Pods_mcommerce_ios.framework; sourceTree = BUILT_PRODUCTS_DIR; };
		B204AC611F32602700DC9767 /* mcommerce-ios.app */ = {isa = PBXFileReference; explicitFileType = wrapper.application; includeInIndex = 0; path = "mcommerce-ios.app"; sourceTree = BUILT_PRODUCTS_DIR; };
		B204AC641F32602700DC9767 /* AppDelegate.swift */ = {isa = PBXFileReference; lastKnownFileType = sourcecode.swift; path = AppDelegate.swift; sourceTree = "<group>"; };
		B204AC691F32602700DC9767 /* Base */ = {isa = PBXFileReference; lastKnownFileType = file.storyboard; name = Base; path = Base.lproj/Home.storyboard; sourceTree = "<group>"; };
		B204AC6B1F32602700DC9767 /* Assets.xcassets */ = {isa = PBXFileReference; lastKnownFileType = folder.assetcatalog; path = Assets.xcassets; sourceTree = "<group>"; };
		B204AC6E1F32602700DC9767 /* Base */ = {isa = PBXFileReference; lastKnownFileType = file.storyboard; name = Base; path = Base.lproj/LaunchScreen.storyboard; sourceTree = "<group>"; };
		B204AC701F32602700DC9767 /* Info.plist */ = {isa = PBXFileReference; lastKnownFileType = text.plist.xml; path = Info.plist; sourceTree = "<group>"; };
		B204AC7C1F326A4C00DC9767 /* HomeViewController.swift */ = {isa = PBXFileReference; fileEncoding = 4; lastKnownFileType = sourcecode.swift; path = HomeViewController.swift; sourceTree = "<group>"; };
		B204AC801F3270A400DC9767 /* CategoriesViewController.swift */ = {isa = PBXFileReference; fileEncoding = 4; lastKnownFileType = sourcecode.swift; path = CategoriesViewController.swift; sourceTree = "<group>"; };
		B204AC831F38F9B400DC9767 /* CategoryTableViewCell.swift */ = {isa = PBXFileReference; fileEncoding = 4; lastKnownFileType = sourcecode.swift; path = CategoryTableViewCell.swift; sourceTree = "<group>"; };
		B204AC841F38F9B400DC9767 /* CategoryTableViewCell.xib */ = {isa = PBXFileReference; fileEncoding = 4; lastKnownFileType = file.xib; path = CategoryTableViewCell.xib; sourceTree = "<group>"; };
		B204AC871F38FB1300DC9767 /* CustomizationManager.swift */ = {isa = PBXFileReference; fileEncoding = 4; lastKnownFileType = sourcecode.swift; path = CustomizationManager.swift; sourceTree = "<group>"; };
		B204AC941F406D3B00DC9767 /* ApiService.swift */ = {isa = PBXFileReference; fileEncoding = 4; lastKnownFileType = sourcecode.swift; path = ApiService.swift; sourceTree = "<group>"; };
		B211E7EE1F40A327006B4A88 /* Category.swift */ = {isa = PBXFileReference; fileEncoding = 4; lastKnownFileType = sourcecode.swift; path = Category.swift; sourceTree = "<group>"; };
		B211E7F21F40C174006B4A88 /* ApiManager.swift */ = {isa = PBXFileReference; fileEncoding = 4; lastKnownFileType = sourcecode.swift; path = ApiManager.swift; sourceTree = "<group>"; };
		B211E7F51F417E8B006B4A88 /* ProductsViewController.swift */ = {isa = PBXFileReference; fileEncoding = 4; lastKnownFileType = sourcecode.swift; path = ProductsViewController.swift; sourceTree = "<group>"; };
		B211E7F71F418019006B4A88 /* ProductCollectionViewCell.swift */ = {isa = PBXFileReference; fileEncoding = 4; lastKnownFileType = sourcecode.swift; path = ProductCollectionViewCell.swift; sourceTree = "<group>"; };
		B211E7F81F418019006B4A88 /* ProductCollectionViewCell.xib */ = {isa = PBXFileReference; fileEncoding = 4; lastKnownFileType = file.xib; path = ProductCollectionViewCell.xib; sourceTree = "<group>"; };
		B211E8031F41FD08006B4A88 /* Product.swift */ = {isa = PBXFileReference; fileEncoding = 4; lastKnownFileType = sourcecode.swift; path = Product.swift; sourceTree = "<group>"; };
		B211E8051F42143C006B4A88 /* Products.storyboard */ = {isa = PBXFileReference; fileEncoding = 4; lastKnownFileType = file.storyboard; path = Products.storyboard; sourceTree = "<group>"; };
		B211E80C1F423A24006B4A88 /* ProductDetailsViewController.swift */ = {isa = PBXFileReference; fileEncoding = 4; lastKnownFileType = sourcecode.swift; path = ProductDetailsViewController.swift; sourceTree = "<group>"; };
		B211E8111F423B18006B4A88 /* ProductDetailsImagesTableViewCell.swift */ = {isa = PBXFileReference; fileEncoding = 4; lastKnownFileType = sourcecode.swift; path = ProductDetailsImagesTableViewCell.swift; sourceTree = "<group>"; };
		B211E8121F423B18006B4A88 /* ProductDetailsImagesTableViewCell.xib */ = {isa = PBXFileReference; fileEncoding = 4; lastKnownFileType = file.xib; path = ProductDetailsImagesTableViewCell.xib; sourceTree = "<group>"; };
		B211E8151F423B5E006B4A88 /* ProductDetailsTitleTableViewCell.swift */ = {isa = PBXFileReference; fileEncoding = 4; lastKnownFileType = sourcecode.swift; path = ProductDetailsTitleTableViewCell.swift; sourceTree = "<group>"; };
		B211E8161F423B5E006B4A88 /* ProductDetailsTitleTableViewCell.xib */ = {isa = PBXFileReference; fileEncoding = 4; lastKnownFileType = file.xib; path = ProductDetailsTitleTableViewCell.xib; sourceTree = "<group>"; };
		B211E8191F423B6F006B4A88 /* ProductDetailsDescriptionTableViewCell.swift */ = {isa = PBXFileReference; fileEncoding = 4; lastKnownFileType = sourcecode.swift; path = ProductDetailsDescriptionTableViewCell.swift; sourceTree = "<group>"; };
		B211E81A1F423B6F006B4A88 /* ProductDetailsDescriptionTableViewCell.xib */ = {isa = PBXFileReference; fileEncoding = 4; lastKnownFileType = file.xib; path = ProductDetailsDescriptionTableViewCell.xib; sourceTree = "<group>"; };
		B211E81D1F423B86006B4A88 /* ProductDetailsFiltersTableViewCell.swift */ = {isa = PBXFileReference; fileEncoding = 4; lastKnownFileType = sourcecode.swift; path = ProductDetailsFiltersTableViewCell.swift; sourceTree = "<group>"; };
		B211E81E1F423B86006B4A88 /* ProductDetailsFiltersTableViewCell.xib */ = {isa = PBXFileReference; fileEncoding = 4; lastKnownFileType = file.xib; path = ProductDetailsFiltersTableViewCell.xib; sourceTree = "<group>"; };
		B211E8211F423B96006B4A88 /* ProductDetailsRatesTableViewCell.swift */ = {isa = PBXFileReference; fileEncoding = 4; lastKnownFileType = sourcecode.swift; path = ProductDetailsRatesTableViewCell.swift; sourceTree = "<group>"; };
		B211E8221F423B96006B4A88 /* ProductDetailsRatesTableViewCell.xib */ = {isa = PBXFileReference; fileEncoding = 4; lastKnownFileType = file.xib; path = ProductDetailsRatesTableViewCell.xib; sourceTree = "<group>"; };
		B211E8251F423F59006B4A88 /* ProductImage.swift */ = {isa = PBXFileReference; fileEncoding = 4; lastKnownFileType = sourcecode.swift; path = ProductImage.swift; sourceTree = "<group>"; };
		B211E8271F42409D006B4A88 /* ProductRate.swift */ = {isa = PBXFileReference; fileEncoding = 4; lastKnownFileType = sourcecode.swift; path = ProductRate.swift; sourceTree = "<group>"; };
		B211E8291F4240FA006B4A88 /* ProductFilterValue.swift */ = {isa = PBXFileReference; fileEncoding = 4; lastKnownFileType = sourcecode.swift; path = ProductFilterValue.swift; sourceTree = "<group>"; };
		B211E82C1F4309D3006B4A88 /* ImagesViewController.swift */ = {isa = PBXFileReference; fileEncoding = 4; lastKnownFileType = sourcecode.swift; path = ImagesViewController.swift; sourceTree = "<group>"; };
		B211E82E1F4309FA006B4A88 /* ImagesItemViewController.swift */ = {isa = PBXFileReference; fileEncoding = 4; lastKnownFileType = sourcecode.swift; path = ImagesItemViewController.swift; sourceTree = "<group>"; };
		B211E8321F470792006B4A88 /* ProductDetailsHeaderTableViewCell.swift */ = {isa = PBXFileReference; fileEncoding = 4; lastKnownFileType = sourcecode.swift; path = ProductDetailsHeaderTableViewCell.swift; sourceTree = "<group>"; };
		B211E8331F470792006B4A88 /* ProductDetailsHeaderTableViewCell.xib */ = {isa = PBXFileReference; fileEncoding = 4; lastKnownFileType = file.xib; path = ProductDetailsHeaderTableViewCell.xib; sourceTree = "<group>"; };
		B211E8371F4742B9006B4A88 /* StringSizeExtension.swift */ = {isa = PBXFileReference; fileEncoding = 4; lastKnownFileType = sourcecode.swift; path = StringSizeExtension.swift; sourceTree = "<group>"; };
		B211E83C1F474E29006B4A88 /* ProductsFiltersViewController.swift */ = {isa = PBXFileReference; fileEncoding = 4; lastKnownFileType = sourcecode.swift; path = ProductsFiltersViewController.swift; sourceTree = "<group>"; };
		B211E8411F4787FC006B4A88 /* RecommendedViewController.swift */ = {isa = PBXFileReference; fileEncoding = 4; lastKnownFileType = sourcecode.swift; path = RecommendedViewController.swift; sourceTree = "<group>"; };
		B211E8441F478ABE006B4A88 /* SearchBarViewController.swift */ = {isa = PBXFileReference; fileEncoding = 4; lastKnownFileType = sourcecode.swift; path = SearchBarViewController.swift; sourceTree = "<group>"; };
		B211E8451F478ABE006B4A88 /* SearchBarViewController.xib */ = {isa = PBXFileReference; fileEncoding = 4; lastKnownFileType = file.xib; path = SearchBarViewController.xib; sourceTree = "<group>"; };
		B211E84C1F479024006B4A88 /* CartViewController.swift */ = {isa = PBXFileReference; fileEncoding = 4; lastKnownFileType = sourcecode.swift; path = CartViewController.swift; sourceTree = "<group>"; };
		B211E84E1F47902C006B4A88 /* MoreViewController.swift */ = {isa = PBXFileReference; fileEncoding = 4; lastKnownFileType = sourcecode.swift; path = MoreViewController.swift; sourceTree = "<group>"; };
		B211E8501F47A186006B4A88 /* ApplicationExtensions.swift */ = {isa = PBXFileReference; fileEncoding = 4; lastKnownFileType = sourcecode.swift; path = ApplicationExtensions.swift; sourceTree = "<group>"; };
		B211E8561F48731B006B4A88 /* Recommended.swift */ = {isa = PBXFileReference; fileEncoding = 4; lastKnownFileType = sourcecode.swift; path = Recommended.swift; sourceTree = "<group>"; };
		B211E8581F4878A9006B4A88 /* RecommendedHeaderCollectionReusableView.swift */ = {isa = PBXFileReference; fileEncoding = 4; lastKnownFileType = sourcecode.swift; path = RecommendedHeaderCollectionReusableView.swift; sourceTree = "<group>"; };
		B211E85B1F48AFB2006B4A88 /* Cart.storyboard */ = {isa = PBXFileReference; fileEncoding = 4; lastKnownFileType = file.storyboard; path = Cart.storyboard; sourceTree = "<group>"; };
		B211E85E1F48B01E006B4A88 /* CartLoginViewController.swift */ = {isa = PBXFileReference; fileEncoding = 4; lastKnownFileType = sourcecode.swift; path = CartLoginViewController.swift; sourceTree = "<group>"; };
		B211E8601F48B2A9006B4A88 /* CartEmptyViewController.swift */ = {isa = PBXFileReference; fileEncoding = 4; lastKnownFileType = sourcecode.swift; path = CartEmptyViewController.swift; sourceTree = "<group>"; };
		B211E8621F48B2C1006B4A88 /* CartProductsViewController.swift */ = {isa = PBXFileReference; fileEncoding = 4; lastKnownFileType = sourcecode.swift; path = CartProductsViewController.swift; sourceTree = "<group>"; };
/* End PBXFileReference section */

/* Begin PBXFrameworksBuildPhase section */
		B204AC5E1F32602700DC9767 /* Frameworks */ = {
			isa = PBXFrameworksBuildPhase;
			buildActionMask = 2147483647;
			files = (
				87A5FF43F13C8B93C14D96DB /* Pods_mcommerce_ios.framework in Frameworks */,
			);
			runOnlyForDeploymentPostprocessing = 0;
		};
/* End PBXFrameworksBuildPhase section */

/* Begin PBXGroup section */
		63333E590BC378D97671C685 /* Pods */ = {
			isa = PBXGroup;
			children = (
				149B07E89DC13F74AECC2184 /* Pods-mcommerce-ios.debug.xcconfig */,
				0F90DAE8901DD9C84AC9F3F6 /* Pods-mcommerce-ios.release.xcconfig */,
			);
			name = Pods;
			sourceTree = "<group>";
		};
		AE7BE59D5FDF37EBA904ACB4 /* Frameworks */ = {
			isa = PBXGroup;
			children = (
				4C7F33F0A4DFB6AD395A8ABE /* Pods_mcommerce_ios.framework */,
			);
			name = Frameworks;
			sourceTree = "<group>";
		};
		B204AC581F32602700DC9767 = {
			isa = PBXGroup;
			children = (
				B204AC631F32602700DC9767 /* mcommerce-ios */,
				B204AC621F32602700DC9767 /* Products */,
				63333E590BC378D97671C685 /* Pods */,
				AE7BE59D5FDF37EBA904ACB4 /* Frameworks */,
			);
			sourceTree = "<group>";
		};
		B204AC621F32602700DC9767 /* Products */ = {
			isa = PBXGroup;
			children = (
				B204AC611F32602700DC9767 /* mcommerce-ios.app */,
			);
			name = Products;
			sourceTree = "<group>";
		};
		B204AC631F32602700DC9767 /* mcommerce-ios */ = {
			isa = PBXGroup;
			children = (
				B204AC791F32636C00DC9767 /* App */,
				B204AC7B1F3263E400DC9767 /* Content */,
				B204AC781F3262BF00DC9767 /* Controllers */,
				B204AC761F32622700DC9767 /* Views */,
				B204AC701F32602700DC9767 /* Info.plist */,
			);
			path = "mcommerce-ios";
			sourceTree = "<group>";
		};
		B204AC761F32622700DC9767 /* Views */ = {
			isa = PBXGroup;
			children = (
				B204AC6D1F32602700DC9767 /* LaunchScreen.storyboard */,
				B204AC771F32623B00DC9767 /* Home */,
				B211E8521F4848C1006B4A88 /* Products */,
				B211E85A1F48AF9F006B4A88 /* Cart */,
			);
			name = Views;
			sourceTree = "<group>";
		};
		B204AC771F32623B00DC9767 /* Home */ = {
			isa = PBXGroup;
			children = (
				B204AC681F32602700DC9767 /* Home.storyboard */,
				B211E8431F478A60006B4A88 /* SearchBar */,
				B204AC821F38F99800DC9767 /* Cells */,
			);
			name = Home;
			sourceTree = "<group>";
		};
		B204AC781F3262BF00DC9767 /* Controllers */ = {
			isa = PBXGroup;
			children = (
				B204AC891F38FE5100DC9767 /* Home */,
				B211E84A1F478FF3006B4A88 /* Products */,
				B211E85D1F48AFFC006B4A88 /* Cart */,
			);
			name = Controllers;
			sourceTree = "<group>";
		};
		B204AC791F32636C00DC9767 /* App */ = {
			isa = PBXGroup;
			children = (
				B211E8361F4742A5006B4A88 /* Extensions */,
				B204AC901F406B5E00DC9767 /* Customization */,
				B211E7ED1F40A313006B4A88 /* Models */,
				B204AC911F406B6700DC9767 /* Networking */,
				B204AC641F32602700DC9767 /* AppDelegate.swift */,
			);
			name = App;
			sourceTree = "<group>";
		};
		B204AC7B1F3263E400DC9767 /* Content */ = {
			isa = PBXGroup;
			children = (
				B204AC6B1F32602700DC9767 /* Assets.xcassets */,
			);
			name = Content;
			sourceTree = "<group>";
		};
		B204AC821F38F99800DC9767 /* Cells */ = {
			isa = PBXGroup;
			children = (
				B211E80E1F423ACC006B4A88 /* Categories */,
			);
			name = Cells;
			sourceTree = "<group>";
		};
		B204AC891F38FE5100DC9767 /* Home */ = {
			isa = PBXGroup;
			children = (
				B204AC7C1F326A4C00DC9767 /* HomeViewController.swift */,
				B211E8481F478B03006B4A88 /* SearchBar */,
				B211E8401F4787E4006B4A88 /* Recommended */,
				B204AC8A1F38FE5700DC9767 /* Categories */,
				B211E8491F478FD8006B4A88 /* Cart */,
				B211E84B1F479011006B4A88 /* More */,
			);
			name = Home;
			sourceTree = "<group>";
		};
		B204AC8A1F38FE5700DC9767 /* Categories */ = {
			isa = PBXGroup;
			children = (
				B204AC801F3270A400DC9767 /* CategoriesViewController.swift */,
				B204AC831F38F9B400DC9767 /* CategoryTableViewCell.swift */,
			);
			name = Categories;
			sourceTree = "<group>";
		};
		B204AC901F406B5E00DC9767 /* Customization */ = {
			isa = PBXGroup;
			children = (
				B204AC871F38FB1300DC9767 /* CustomizationManager.swift */,
			);
			name = Customization;
			sourceTree = "<group>";
		};
		B204AC911F406B6700DC9767 /* Networking */ = {
			isa = PBXGroup;
			children = (
				B204AC941F406D3B00DC9767 /* ApiService.swift */,
				B211E7F21F40C174006B4A88 /* ApiManager.swift */,
			);
			name = Networking;
			sourceTree = "<group>";
		};
		B211E7ED1F40A313006B4A88 /* Models */ = {
			isa = PBXGroup;
			children = (
				B211E7EE1F40A327006B4A88 /* Category.swift */,
				B211E8031F41FD08006B4A88 /* Product.swift */,
				B211E8251F423F59006B4A88 /* ProductImage.swift */,
				B211E8271F42409D006B4A88 /* ProductRate.swift */,
				B211E8291F4240FA006B4A88 /* ProductFilterValue.swift */,
				B211E8561F48731B006B4A88 /* Recommended.swift */,
			);
			name = Models;
			sourceTree = "<group>";
		};
		B211E7F41F417E74006B4A88 /* ProductsList */ = {
			isa = PBXGroup;
			children = (
				B211E7F51F417E8B006B4A88 /* ProductsViewController.swift */,
				B211E7F71F418019006B4A88 /* ProductCollectionViewCell.swift */,
			);
			name = ProductsList;
			sourceTree = "<group>";
		};
		B211E80B1F423A10006B4A88 /* ProductDetails */ = {
			isa = PBXGroup;
			children = (
				B211E80C1F423A24006B4A88 /* ProductDetailsViewController.swift */,
				B211E8111F423B18006B4A88 /* ProductDetailsImagesTableViewCell.swift */,
				B211E8151F423B5E006B4A88 /* ProductDetailsTitleTableViewCell.swift */,
				B211E8191F423B6F006B4A88 /* ProductDetailsDescriptionTableViewCell.swift */,
				B211E8321F470792006B4A88 /* ProductDetailsHeaderTableViewCell.swift */,
				B211E81D1F423B86006B4A88 /* ProductDetailsFiltersTableViewCell.swift */,
				B211E8211F423B96006B4A88 /* ProductDetailsRatesTableViewCell.swift */,
				B211E82B1F430997006B4A88 /* Images */,
			);
			name = ProductDetails;
			sourceTree = "<group>";
		};
		B211E80E1F423ACC006B4A88 /* Categories */ = {
			isa = PBXGroup;
			children = (
				B204AC841F38F9B400DC9767 /* CategoryTableViewCell.xib */,
			);
			name = Categories;
			sourceTree = "<group>";
		};
		B211E80F1F423AD4006B4A88 /* Products */ = {
			isa = PBXGroup;
			children = (
				B211E7F81F418019006B4A88 /* ProductCollectionViewCell.xib */,
			);
			name = Products;
			sourceTree = "<group>";
		};
		B211E8101F423AE3006B4A88 /* ProductDetails */ = {
			isa = PBXGroup;
			children = (
				B211E8121F423B18006B4A88 /* ProductDetailsImagesTableViewCell.xib */,
				B211E8161F423B5E006B4A88 /* ProductDetailsTitleTableViewCell.xib */,
				B211E81A1F423B6F006B4A88 /* ProductDetailsDescriptionTableViewCell.xib */,
				B211E8331F470792006B4A88 /* ProductDetailsHeaderTableViewCell.xib */,
				B211E81E1F423B86006B4A88 /* ProductDetailsFiltersTableViewCell.xib */,
				B211E8221F423B96006B4A88 /* ProductDetailsRatesTableViewCell.xib */,
			);
			name = ProductDetails;
			sourceTree = "<group>";
		};
		B211E82B1F430997006B4A88 /* Images */ = {
			isa = PBXGroup;
			children = (
				B211E82C1F4309D3006B4A88 /* ImagesViewController.swift */,
				B211E82E1F4309FA006B4A88 /* ImagesItemViewController.swift */,
			);
			name = Images;
			sourceTree = "<group>";
		};
		B211E8361F4742A5006B4A88 /* Extensions */ = {
			isa = PBXGroup;
			children = (
				B211E8371F4742B9006B4A88 /* StringSizeExtension.swift */,
				B211E8501F47A186006B4A88 /* ApplicationExtensions.swift */,
			);
			name = Extensions;
			sourceTree = "<group>";
		};
		B211E83B1F474DF1006B4A88 /* ProductsFilters */ = {
			isa = PBXGroup;
			children = (
				B211E83C1F474E29006B4A88 /* ProductsFiltersViewController.swift */,
			);
			name = ProductsFilters;
			sourceTree = "<group>";
		};
		B211E8401F4787E4006B4A88 /* Recommended */ = {
			isa = PBXGroup;
			children = (
				B211E8411F4787FC006B4A88 /* RecommendedViewController.swift */,
				B211E8581F4878A9006B4A88 /* RecommendedHeaderCollectionReusableView.swift */,
			);
			name = Recommended;
			sourceTree = "<group>";
		};
		B211E8431F478A60006B4A88 /* SearchBar */ = {
			isa = PBXGroup;
			children = (
				B211E8451F478ABE006B4A88 /* SearchBarViewController.xib */,
			);
			name = SearchBar;
			sourceTree = "<group>";
		};
		B211E8481F478B03006B4A88 /* SearchBar */ = {
			isa = PBXGroup;
			children = (
				B211E8441F478ABE006B4A88 /* SearchBarViewController.swift */,
			);
			name = SearchBar;
			sourceTree = "<group>";
		};
		B211E8491F478FD8006B4A88 /* Cart */ = {
			isa = PBXGroup;
			children = (
				B211E84C1F479024006B4A88 /* CartViewController.swift */,
			);
			name = Cart;
			sourceTree = "<group>";
		};
		B211E84A1F478FF3006B4A88 /* Products */ = {
			isa = PBXGroup;
			children = (
				B211E7F41F417E74006B4A88 /* ProductsList */,
				B211E83B1F474DF1006B4A88 /* ProductsFilters */,
				B211E80B1F423A10006B4A88 /* ProductDetails */,
			);
			name = Products;
			sourceTree = "<group>";
		};
		B211E84B1F479011006B4A88 /* More */ = {
			isa = PBXGroup;
			children = (
				B211E84E1F47902C006B4A88 /* MoreViewController.swift */,
			);
			name = More;
			sourceTree = "<group>";
		};
		B211E8521F4848C1006B4A88 /* Products */ = {
			isa = PBXGroup;
			children = (
				B211E8051F42143C006B4A88 /* Products.storyboard */,
				B211E8531F4848EE006B4A88 /* Cells */,
			);
			name = Products;
			sourceTree = "<group>";
		};
		B211E8531F4848EE006B4A88 /* Cells */ = {
			isa = PBXGroup;
			children = (
				B211E80F1F423AD4006B4A88 /* Products */,
				B211E8101F423AE3006B4A88 /* ProductDetails */,
			);
			name = Cells;
			sourceTree = "<group>";
		};
		B211E85A1F48AF9F006B4A88 /* Cart */ = {
			isa = PBXGroup;
			children = (
				B211E85B1F48AFB2006B4A88 /* Cart.storyboard */,
			);
			name = Cart;
			sourceTree = "<group>";
		};
		B211E85D1F48AFFC006B4A88 /* Cart */ = {
			isa = PBXGroup;
			children = (
				B211E85E1F48B01E006B4A88 /* CartLoginViewController.swift */,
				B211E8601F48B2A9006B4A88 /* CartEmptyViewController.swift */,
				B211E8621F48B2C1006B4A88 /* CartProductsViewController.swift */,
			);
			name = Cart;
			sourceTree = "<group>";
		};
/* End PBXGroup section */

/* Begin PBXNativeTarget section */
		B204AC601F32602700DC9767 /* mcommerce-ios */ = {
			isa = PBXNativeTarget;
			buildConfigurationList = B204AC731F32602700DC9767 /* Build configuration list for PBXNativeTarget "mcommerce-ios" */;
			buildPhases = (
				E2936B77D2DE054F28253576 /* [CP] Check Pods Manifest.lock */,
				B204AC5D1F32602700DC9767 /* Sources */,
				B204AC5E1F32602700DC9767 /* Frameworks */,
				B204AC5F1F32602700DC9767 /* Resources */,
				4887CBA80F0D369205C3596B /* [CP] Embed Pods Frameworks */,
				F7894F811A70EF341DE89EED /* [CP] Copy Pods Resources */,
			);
			buildRules = (
			);
			dependencies = (
			);
			name = "mcommerce-ios";
			productName = "mcommerce-ios";
			productReference = B204AC611F32602700DC9767 /* mcommerce-ios.app */;
			productType = "com.apple.product-type.application";
		};
/* End PBXNativeTarget section */

/* Begin PBXProject section */
		B204AC591F32602700DC9767 /* Project object */ = {
			isa = PBXProject;
			attributes = {
				LastSwiftUpdateCheck = 0830;
				LastUpgradeCheck = 0830;
				ORGANIZATIONNAME = lukasz;
				TargetAttributes = {
					B204AC601F32602700DC9767 = {
						CreatedOnToolsVersion = 8.3.3;
						DevelopmentTeam = UCDWW7VKFP;
						ProvisioningStyle = Automatic;
					};
				};
			};
			buildConfigurationList = B204AC5C1F32602700DC9767 /* Build configuration list for PBXProject "mcommerce-ios" */;
			compatibilityVersion = "Xcode 3.2";
			developmentRegion = English;
			hasScannedForEncodings = 0;
			knownRegions = (
				en,
				Base,
			);
			mainGroup = B204AC581F32602700DC9767;
			productRefGroup = B204AC621F32602700DC9767 /* Products */;
			projectDirPath = "";
			projectRoot = "";
			targets = (
				B204AC601F32602700DC9767 /* mcommerce-ios */,
			);
		};
/* End PBXProject section */

/* Begin PBXResourcesBuildPhase section */
		B204AC5F1F32602700DC9767 /* Resources */ = {
			isa = PBXResourcesBuildPhase;
			buildActionMask = 2147483647;
			files = (
				B211E8061F42143C006B4A88 /* Products.storyboard in Resources */,
				B211E8351F470792006B4A88 /* ProductDetailsHeaderTableViewCell.xib in Resources */,
				B211E8181F423B5E006B4A88 /* ProductDetailsTitleTableViewCell.xib in Resources */,
				B204AC6F1F32602700DC9767 /* LaunchScreen.storyboard in Resources */,
				B204AC6C1F32602700DC9767 /* Assets.xcassets in Resources */,
				B211E8201F423B86006B4A88 /* ProductDetailsFiltersTableViewCell.xib in Resources */,
				B211E85C1F48AFB2006B4A88 /* Cart.storyboard in Resources */,
				B211E7FA1F418019006B4A88 /* ProductCollectionViewCell.xib in Resources */,
				B211E8141F423B18006B4A88 /* ProductDetailsImagesTableViewCell.xib in Resources */,
				B204AC6A1F32602700DC9767 /* Home.storyboard in Resources */,
				B204AC861F38F9B400DC9767 /* CategoryTableViewCell.xib in Resources */,
				B211E8241F423B96006B4A88 /* ProductDetailsRatesTableViewCell.xib in Resources */,
				B211E8471F478ABE006B4A88 /* SearchBarViewController.xib in Resources */,
				B211E81C1F423B70006B4A88 /* ProductDetailsDescriptionTableViewCell.xib in Resources */,
			);
			runOnlyForDeploymentPostprocessing = 0;
		};
/* End PBXResourcesBuildPhase section */

/* Begin PBXShellScriptBuildPhase section */
		4887CBA80F0D369205C3596B /* [CP] Embed Pods Frameworks */ = {
			isa = PBXShellScriptBuildPhase;
			buildActionMask = 2147483647;
			files = (
			);
			inputPaths = (
				"${SRCROOT}/Pods/Target Support Files/Pods-mcommerce-ios/Pods-mcommerce-ios-frameworks.sh",
				"${BUILT_PRODUCTS_DIR}/Alamofire/Alamofire.framework",
				"${BUILT_PRODUCTS_DIR}/AlamofireImage/AlamofireImage.framework",
				"${BUILT_PRODUCTS_DIR}/ModelMapper/Mapper.framework",
				"${BUILT_PRODUCTS_DIR}/Moya/Moya.framework",
				"${BUILT_PRODUCTS_DIR}/Result/Result.framework",
			);
			name = "[CP] Embed Pods Frameworks";
			outputPaths = (
				"${TARGET_BUILD_DIR}/${FRAMEWORKS_FOLDER_PATH}/Alamofire.framework",
				"${TARGET_BUILD_DIR}/${FRAMEWORKS_FOLDER_PATH}/AlamofireImage.framework",
				"${TARGET_BUILD_DIR}/${FRAMEWORKS_FOLDER_PATH}/Mapper.framework",
				"${TARGET_BUILD_DIR}/${FRAMEWORKS_FOLDER_PATH}/Moya.framework",
				"${TARGET_BUILD_DIR}/${FRAMEWORKS_FOLDER_PATH}/Result.framework",
			);
			runOnlyForDeploymentPostprocessing = 0;
			shellPath = /bin/sh;
			shellScript = "\"${SRCROOT}/Pods/Target Support Files/Pods-mcommerce-ios/Pods-mcommerce-ios-frameworks.sh\"\n";
			showEnvVarsInLog = 0;
		};
		E2936B77D2DE054F28253576 /* [CP] Check Pods Manifest.lock */ = {
			isa = PBXShellScriptBuildPhase;
			buildActionMask = 2147483647;
			files = (
			);
			inputPaths = (
				"${PODS_PODFILE_DIR_PATH}/Podfile.lock",
				"${PODS_ROOT}/Manifest.lock",
			);
			name = "[CP] Check Pods Manifest.lock";
			outputPaths = (
				"$(DERIVED_FILE_DIR)/Pods-mcommerce-ios-checkManifestLockResult.txt",
			);
			runOnlyForDeploymentPostprocessing = 0;
			shellPath = /bin/sh;
			shellScript = "diff \"${PODS_PODFILE_DIR_PATH}/Podfile.lock\" \"${PODS_ROOT}/Manifest.lock\" > /dev/null\nif [ $? != 0 ] ; then\n    # print error to STDERR\n    echo \"error: The sandbox is not in sync with the Podfile.lock. Run 'pod install' or update your CocoaPods installation.\" >&2\n    exit 1\nfi\n# This output is used by Xcode 'outputs' to avoid re-running this script phase.\necho \"SUCCESS\" > \"${SCRIPT_OUTPUT_FILE_0}\"\n";
			showEnvVarsInLog = 0;
		};
		F7894F811A70EF341DE89EED /* [CP] Copy Pods Resources */ = {
			isa = PBXShellScriptBuildPhase;
			buildActionMask = 2147483647;
			files = (
			);
			inputPaths = (
			);
			name = "[CP] Copy Pods Resources";
			outputPaths = (
			);
			runOnlyForDeploymentPostprocessing = 0;
			shellPath = /bin/sh;
			shellScript = "\"${SRCROOT}/Pods/Target Support Files/Pods-mcommerce-ios/Pods-mcommerce-ios-resources.sh\"\n";
			showEnvVarsInLog = 0;
		};
/* End PBXShellScriptBuildPhase section */

/* Begin PBXSourcesBuildPhase section */
		B204AC5D1F32602700DC9767 /* Sources */ = {
			isa = PBXSourcesBuildPhase;
			buildActionMask = 2147483647;
			files = (
				B211E83D1F474E29006B4A88 /* ProductsFiltersViewController.swift in Sources */,
				B211E8281F42409D006B4A88 /* ProductRate.swift in Sources */,
				B211E81B1F423B6F006B4A88 /* ProductDetailsDescriptionTableViewCell.swift in Sources */,
				B211E7F31F40C174006B4A88 /* ApiManager.swift in Sources */,
				B211E8381F4742B9006B4A88 /* StringSizeExtension.swift in Sources */,
				B204AC651F32602700DC9767 /* AppDelegate.swift in Sources */,
				B211E7F91F418019006B4A88 /* ProductCollectionViewCell.swift in Sources */,
				B211E80D1F423A24006B4A88 /* ProductDetailsViewController.swift in Sources */,
				B204AC7D1F326A4C00DC9767 /* HomeViewController.swift in Sources */,
				B211E81F1F423B86006B4A88 /* ProductDetailsFiltersTableViewCell.swift in Sources */,
				B204AC811F3270A400DC9767 /* CategoriesViewController.swift in Sources */,
				B211E84F1F47902C006B4A88 /* MoreViewController.swift in Sources */,
				B211E82F1F4309FA006B4A88 /* ImagesItemViewController.swift in Sources */,
				B211E8041F41FD08006B4A88 /* Product.swift in Sources */,
				B211E8611F48B2A9006B4A88 /* CartEmptyViewController.swift in Sources */,
				B211E8591F4878A9006B4A88 /* RecommendedHeaderCollectionReusableView.swift in Sources */,
				B211E8341F470792006B4A88 /* ProductDetailsHeaderTableViewCell.swift in Sources */,
				B211E8461F478ABE006B4A88 /* SearchBarViewController.swift in Sources */,
				B211E8631F48B2C1006B4A88 /* CartProductsViewController.swift in Sources */,
				B204AC881F38FB1300DC9767 /* CustomizationManager.swift in Sources */,
				B211E84D1F479024006B4A88 /* CartViewController.swift in Sources */,
				B211E82A1F4240FA006B4A88 /* ProductFilterValue.swift in Sources */,
				B211E8131F423B18006B4A88 /* ProductDetailsImagesTableViewCell.swift in Sources */,
				B204AC951F406D3B00DC9767 /* ApiService.swift in Sources */,
				B211E7F61F417E8B006B4A88 /* ProductsViewController.swift in Sources */,
				B211E8511F47A186006B4A88 /* ApplicationExtensions.swift in Sources */,
				B211E82D1F4309D3006B4A88 /* ImagesViewController.swift in Sources */,
				B211E8421F4787FC006B4A88 /* RecommendedViewController.swift in Sources */,
				B204AC851F38F9B400DC9767 /* CategoryTableViewCell.swift in Sources */,
				B211E85F1F48B01E006B4A88 /* CartLoginViewController.swift in Sources */,
				B211E7EF1F40A327006B4A88 /* Category.swift in Sources */,
				B211E8171F423B5E006B4A88 /* ProductDetailsTitleTableViewCell.swift in Sources */,
				B211E8571F48731B006B4A88 /* Recommended.swift in Sources */,
				B211E8231F423B96006B4A88 /* ProductDetailsRatesTableViewCell.swift in Sources */,
				B211E8261F423F59006B4A88 /* ProductImage.swift in Sources */,
			);
			runOnlyForDeploymentPostprocessing = 0;
		};
/* End PBXSourcesBuildPhase section */

/* Begin PBXVariantGroup section */
		B204AC681F32602700DC9767 /* Home.storyboard */ = {
			isa = PBXVariantGroup;
			children = (
				B204AC691F32602700DC9767 /* Base */,
			);
			name = Home.storyboard;
			sourceTree = "<group>";
		};
		B204AC6D1F32602700DC9767 /* LaunchScreen.storyboard */ = {
			isa = PBXVariantGroup;
			children = (
				B204AC6E1F32602700DC9767 /* Base */,
			);
			name = LaunchScreen.storyboard;
			sourceTree = "<group>";
		};
/* End PBXVariantGroup section */

/* Begin XCBuildConfiguration section */
		B204AC711F32602700DC9767 /* Debug */ = {
			isa = XCBuildConfiguration;
			buildSettings = {
				ALWAYS_SEARCH_USER_PATHS = NO;
				CLANG_ANALYZER_NONNULL = YES;
				CLANG_ANALYZER_NUMBER_OBJECT_CONVERSION = YES_AGGRESSIVE;
				CLANG_CXX_LANGUAGE_STANDARD = "gnu++0x";
				CLANG_CXX_LIBRARY = "libc++";
				CLANG_ENABLE_MODULES = YES;
				CLANG_ENABLE_OBJC_ARC = YES;
				CLANG_WARN_BOOL_CONVERSION = YES;
				CLANG_WARN_CONSTANT_CONVERSION = YES;
				CLANG_WARN_DIRECT_OBJC_ISA_USAGE = YES_ERROR;
				CLANG_WARN_DOCUMENTATION_COMMENTS = YES;
				CLANG_WARN_EMPTY_BODY = YES;
				CLANG_WARN_ENUM_CONVERSION = YES;
				CLANG_WARN_INFINITE_RECURSION = YES;
				CLANG_WARN_INT_CONVERSION = YES;
				CLANG_WARN_OBJC_ROOT_CLASS = YES_ERROR;
				CLANG_WARN_SUSPICIOUS_MOVE = YES;
				CLANG_WARN_UNREACHABLE_CODE = YES;
				CLANG_WARN__DUPLICATE_METHOD_MATCH = YES;
				"CODE_SIGN_IDENTITY[sdk=iphoneos*]" = "iPhone Developer";
				COPY_PHASE_STRIP = NO;
				DEBUG_INFORMATION_FORMAT = dwarf;
				ENABLE_STRICT_OBJC_MSGSEND = YES;
				ENABLE_TESTABILITY = YES;
				GCC_C_LANGUAGE_STANDARD = gnu99;
				GCC_DYNAMIC_NO_PIC = NO;
				GCC_NO_COMMON_BLOCKS = YES;
				GCC_OPTIMIZATION_LEVEL = 0;
				GCC_PREPROCESSOR_DEFINITIONS = (
					"DEBUG=1",
					"$(inherited)",
				);
				GCC_WARN_64_TO_32_BIT_CONVERSION = YES;
				GCC_WARN_ABOUT_RETURN_TYPE = YES_ERROR;
				GCC_WARN_UNDECLARED_SELECTOR = YES;
				GCC_WARN_UNINITIALIZED_AUTOS = YES_AGGRESSIVE;
				GCC_WARN_UNUSED_FUNCTION = YES;
				GCC_WARN_UNUSED_VARIABLE = YES;
				IPHONEOS_DEPLOYMENT_TARGET = 10.3;
				MTL_ENABLE_DEBUG_INFO = YES;
				ONLY_ACTIVE_ARCH = YES;
				SDKROOT = iphoneos;
				SWIFT_ACTIVE_COMPILATION_CONDITIONS = DEBUG;
				SWIFT_OPTIMIZATION_LEVEL = "-Onone";
				TARGETED_DEVICE_FAMILY = "1,2";
			};
			name = Debug;
		};
		B204AC721F32602700DC9767 /* Release */ = {
			isa = XCBuildConfiguration;
			buildSettings = {
				ALWAYS_SEARCH_USER_PATHS = NO;
				CLANG_ANALYZER_NONNULL = YES;
				CLANG_ANALYZER_NUMBER_OBJECT_CONVERSION = YES_AGGRESSIVE;
				CLANG_CXX_LANGUAGE_STANDARD = "gnu++0x";
				CLANG_CXX_LIBRARY = "libc++";
				CLANG_ENABLE_MODULES = YES;
				CLANG_ENABLE_OBJC_ARC = YES;
				CLANG_WARN_BOOL_CONVERSION = YES;
				CLANG_WARN_CONSTANT_CONVERSION = YES;
				CLANG_WARN_DIRECT_OBJC_ISA_USAGE = YES_ERROR;
				CLANG_WARN_DOCUMENTATION_COMMENTS = YES;
				CLANG_WARN_EMPTY_BODY = YES;
				CLANG_WARN_ENUM_CONVERSION = YES;
				CLANG_WARN_INFINITE_RECURSION = YES;
				CLANG_WARN_INT_CONVERSION = YES;
				CLANG_WARN_OBJC_ROOT_CLASS = YES_ERROR;
				CLANG_WARN_SUSPICIOUS_MOVE = YES;
				CLANG_WARN_UNREACHABLE_CODE = YES;
				CLANG_WARN__DUPLICATE_METHOD_MATCH = YES;
				"CODE_SIGN_IDENTITY[sdk=iphoneos*]" = "iPhone Developer";
				COPY_PHASE_STRIP = NO;
				DEBUG_INFORMATION_FORMAT = "dwarf-with-dsym";
				ENABLE_NS_ASSERTIONS = NO;
				ENABLE_STRICT_OBJC_MSGSEND = YES;
				GCC_C_LANGUAGE_STANDARD = gnu99;
				GCC_NO_COMMON_BLOCKS = YES;
				GCC_WARN_64_TO_32_BIT_CONVERSION = YES;
				GCC_WARN_ABOUT_RETURN_TYPE = YES_ERROR;
				GCC_WARN_UNDECLARED_SELECTOR = YES;
				GCC_WARN_UNINITIALIZED_AUTOS = YES_AGGRESSIVE;
				GCC_WARN_UNUSED_FUNCTION = YES;
				GCC_WARN_UNUSED_VARIABLE = YES;
				IPHONEOS_DEPLOYMENT_TARGET = 10.3;
				MTL_ENABLE_DEBUG_INFO = NO;
				SDKROOT = iphoneos;
				SWIFT_OPTIMIZATION_LEVEL = "-Owholemodule";
				TARGETED_DEVICE_FAMILY = "1,2";
				VALIDATE_PRODUCT = YES;
			};
			name = Release;
		};
		B204AC741F32602700DC9767 /* Debug */ = {
			isa = XCBuildConfiguration;
			baseConfigurationReference = 149B07E89DC13F74AECC2184 /* Pods-mcommerce-ios.debug.xcconfig */;
			buildSettings = {
				ASSETCATALOG_COMPILER_APPICON_NAME = AppIcon;
				DEVELOPMENT_TEAM = UCDWW7VKFP;
				INFOPLIST_FILE = "mcommerce-ios/Info.plist";
				LD_RUNPATH_SEARCH_PATHS = "$(inherited) @executable_path/Frameworks";
				PRODUCT_BUNDLE_IDENTIFIER = "lukasz.mcommerce-ios";
				PRODUCT_NAME = "$(TARGET_NAME)";
				SWIFT_VERSION = 3.0;
			};
			name = Debug;
		};
		B204AC751F32602700DC9767 /* Release */ = {
			isa = XCBuildConfiguration;
			baseConfigurationReference = 0F90DAE8901DD9C84AC9F3F6 /* Pods-mcommerce-ios.release.xcconfig */;
			buildSettings = {
				ASSETCATALOG_COMPILER_APPICON_NAME = AppIcon;
				DEVELOPMENT_TEAM = UCDWW7VKFP;
				INFOPLIST_FILE = "mcommerce-ios/Info.plist";
				LD_RUNPATH_SEARCH_PATHS = "$(inherited) @executable_path/Frameworks";
				PRODUCT_BUNDLE_IDENTIFIER = "lukasz.mcommerce-ios";
				PRODUCT_NAME = "$(TARGET_NAME)";
				SWIFT_VERSION = 3.0;
			};
			name = Release;
		};
/* End XCBuildConfiguration section */

/* Begin XCConfigurationList section */
		B204AC5C1F32602700DC9767 /* Build configuration list for PBXProject "mcommerce-ios" */ = {
			isa = XCConfigurationList;
			buildConfigurations = (
				B204AC711F32602700DC9767 /* Debug */,
				B204AC721F32602700DC9767 /* Release */,
			);
			defaultConfigurationIsVisible = 0;
			defaultConfigurationName = Release;
		};
		B204AC731F32602700DC9767 /* Build configuration list for PBXNativeTarget "mcommerce-ios" */ = {
			isa = XCConfigurationList;
			buildConfigurations = (
				B204AC741F32602700DC9767 /* Debug */,
				B204AC751F32602700DC9767 /* Release */,
			);
			defaultConfigurationIsVisible = 0;
			defaultConfigurationName = Release;
		};
/* End XCConfigurationList section */
	};
	rootObject = B204AC591F32602700DC9767 /* Project object */;
}
